# This file is automatically @generated by Poetry 1.8.3 and should not be changed by hand.

[[package]]
name = "pymodbustcp"
version = "0.2.2"
description = "A simple Modbus/TCP library for Python"
optional = false
python-versions = "*"
files = [
    {file = "pyModbusTCP-0.2.2-py3-none-any.whl", hash = "sha256:6f018792c891b725da99d978c7d156c71340fa26d389d22310f99bf5829ce773"},
    {file = "pyModbusTCP-0.2.2.tar.gz", hash = "sha256:30ed8bdba98ef8c423aa8421be454d5079fd5952ef78557f287ec263c57b5ba6"},
]

[metadata]
lock-version = "2.0"
python-versions = "^3.11"
content-hash = "83e3690cda6b07933a3c87445c5b8a6b8c37bd24604d6b1abcc3dbe0e7872795"
